// !$*UTF8*$!
{
	archiveVersion = 1;
	classes = {
	};
	objectVersion = 46;
	objects = {

/* Begin PBXBuildFile section */
		FB44D0E31ABB04A4009867D9 /* DisplayRecordingsTableViewController.swift in Sources */ = {isa = PBXBuildFile; fileRef = FB44D0E21ABB04A4009867D9 /* DisplayRecordingsTableViewController.swift */; };
		FB4B9D1B1AAB3AEA003240A3 /* AppDelegate.swift in Sources */ = {isa = PBXBuildFile; fileRef = FB4B9D1A1AAB3AEA003240A3 /* AppDelegate.swift */; };
		FB4B9D1D1AAB3AEA003240A3 /* RecordSoundsViewController.swift in Sources */ = {isa = PBXBuildFile; fileRef = FB4B9D1C1AAB3AEA003240A3 /* RecordSoundsViewController.swift */; };
		FB4B9D201AAB3AEA003240A3 /* Main.storyboard in Resources */ = {isa = PBXBuildFile; fileRef = FB4B9D1E1AAB3AEA003240A3 /* Main.storyboard */; };
		FB4B9D221AAB3AEA003240A3 /* Images.xcassets in Resources */ = {isa = PBXBuildFile; fileRef = FB4B9D211AAB3AEA003240A3 /* Images.xcassets */; };
		FB4B9D251AAB3AEA003240A3 /* LaunchScreen.xib in Resources */ = {isa = PBXBuildFile; fileRef = FB4B9D231AAB3AEA003240A3 /* LaunchScreen.xib */; };
		FB4B9D311AAB3AEA003240A3 /* Pitch_PerfectTests.swift in Sources */ = {isa = PBXBuildFile; fileRef = FB4B9D301AAB3AEA003240A3 /* Pitch_PerfectTests.swift */; };
		FB4B9D3B1AAB8F3B003240A3 /* PlaySoundsViewController.swift in Sources */ = {isa = PBXBuildFile; fileRef = FB4B9D3A1AAB8F3B003240A3 /* PlaySoundsViewController.swift */; };
		FB4B9D3D1AAB9427003240A3 /* movie_quote.mp3 in Resources */ = {isa = PBXBuildFile; fileRef = FB4B9D3C1AAB9427003240A3 /* movie_quote.mp3 */; };
		FB4B9D3F1AABF5C0003240A3 /* RecordedAudio.swift in Sources */ = {isa = PBXBuildFile; fileRef = FB4B9D3E1AABF5C0003240A3 /* RecordedAudio.swift */; };
/* End PBXBuildFile section */

/* Begin PBXContainerItemProxy section */
		FB4B9D2B1AAB3AEA003240A3 /* PBXContainerItemProxy */ = {
			isa = PBXContainerItemProxy;
			containerPortal = FB4B9D0D1AAB3AEA003240A3 /* Project object */;
			proxyType = 1;
			remoteGlobalIDString = FB4B9D141AAB3AEA003240A3;
			remoteInfo = "Pitch Perfect";
		};
/* End PBXContainerItemProxy section */

/* Begin PBXFileReference section */
		FB44D0E21ABB04A4009867D9 /* DisplayRecordingsTableViewController.swift */ = {isa = PBXFileReference; fileEncoding = 4; lastKnownFileType = sourcecode.swift; name = DisplayRecordingsTableViewController.swift; path = ../DisplayRecordingsTableViewController.swift; sourceTree = "<group>"; };
		FB4B9D151AAB3AEA003240A3 /* Pitch Perfect.app */ = {isa = PBXFileReference; explicitFileType = wrapper.application; includeInIndex = 0; path = "Pitch Perfect.app"; sourceTree = BUILT_PRODUCTS_DIR; };
		FB4B9D191AAB3AEA003240A3 /* Info.plist */ = {isa = PBXFileReference; lastKnownFileType = text.plist.xml; path = Info.plist; sourceTree = "<group>"; };
		FB4B9D1A1AAB3AEA003240A3 /* AppDelegate.swift */ = {isa = PBXFileReference; lastKnownFileType = sourcecode.swift; path = AppDelegate.swift; sourceTree = "<group>"; };
		FB4B9D1C1AAB3AEA003240A3 /* RecordSoundsViewController.swift */ = {isa = PBXFileReference; lastKnownFileType = sourcecode.swift; path = RecordSoundsViewController.swift; sourceTree = "<group>"; };
		FB4B9D1F1AAB3AEA003240A3 /* Base */ = {isa = PBXFileReference; lastKnownFileType = file.storyboard; name = Base; path = Base.lproj/Main.storyboard; sourceTree = "<group>"; };
		FB4B9D211AAB3AEA003240A3 /* Images.xcassets */ = {isa = PBXFileReference; lastKnownFileType = folder.assetcatalog; path = Images.xcassets; sourceTree = "<group>"; };
		FB4B9D241AAB3AEA003240A3 /* Base */ = {isa = PBXFileReference; lastKnownFileType = file.xib; name = Base; path = Base.lproj/LaunchScreen.xib; sourceTree = "<group>"; };
		FB4B9D2A1AAB3AEA003240A3 /* Pitch PerfectTests.xctest */ = {isa = PBXFileReference; explicitFileType = wrapper.cfbundle; includeInIndex = 0; path = "Pitch PerfectTests.xctest"; sourceTree = BUILT_PRODUCTS_DIR; };
		FB4B9D2F1AAB3AEA003240A3 /* Info.plist */ = {isa = PBXFileReference; lastKnownFileType = text.plist.xml; path = Info.plist; sourceTree = "<group>"; };
		FB4B9D301AAB3AEA003240A3 /* Pitch_PerfectTests.swift */ = {isa = PBXFileReference; lastKnownFileType = sourcecode.swift; path = Pitch_PerfectTests.swift; sourceTree = "<group>"; };
		FB4B9D3A1AAB8F3B003240A3 /* PlaySoundsViewController.swift */ = {isa = PBXFileReference; fileEncoding = 4; lastKnownFileType = sourcecode.swift; path = PlaySoundsViewController.swift; sourceTree = "<group>"; };
		FB4B9D3C1AAB9427003240A3 /* movie_quote.mp3 */ = {isa = PBXFileReference; lastKnownFileType = audio.mp3; path = movie_quote.mp3; sourceTree = "<group>"; };
		FB4B9D3E1AABF5C0003240A3 /* RecordedAudio.swift */ = {isa = PBXFileReference; fileEncoding = 4; lastKnownFileType = sourcecode.swift; path = RecordedAudio.swift; sourceTree = "<group>"; };
/* End PBXFileReference section */

/* Begin PBXFrameworksBuildPhase section */
		FB4B9D121AAB3AEA003240A3 /* Frameworks */ = {
			isa = PBXFrameworksBuildPhase;
			buildActionMask = 2147483647;
			files = (
			);
			runOnlyForDeploymentPostprocessing = 0;
		};
		FB4B9D271AAB3AEA003240A3 /* Frameworks */ = {
			isa = PBXFrameworksBuildPhase;
			buildActionMask = 2147483647;
			files = (
			);
			runOnlyForDeploymentPostprocessing = 0;
		};
/* End PBXFrameworksBuildPhase section */

/* Begin PBXGroup section */
		FB4B9D0C1AAB3AEA003240A3 = {
			isa = PBXGroup;
			children = (
				FB4B9D171AAB3AEA003240A3 /* Pitch Perfect */,
				FB4B9D2D1AAB3AEA003240A3 /* Pitch PerfectTests */,
				FB4B9D161AAB3AEA003240A3 /* Products */,
			);
			sourceTree = "<group>";
		};
		FB4B9D161AAB3AEA003240A3 /* Products */ = {
			isa = PBXGroup;
			children = (
				FB4B9D151AAB3AEA003240A3 /* Pitch Perfect.app */,
				FB4B9D2A1AAB3AEA003240A3 /* Pitch PerfectTests.xctest */,
			);
			name = Products;
			sourceTree = "<group>";
		};
		FB4B9D171AAB3AEA003240A3 /* Pitch Perfect */ = {
			isa = PBXGroup;
			children = (
				FB4B9D1A1AAB3AEA003240A3 /* AppDelegate.swift */,
				FB4B9D1C1AAB3AEA003240A3 /* RecordSoundsViewController.swift */,
				FB4B9D3A1AAB8F3B003240A3 /* PlaySoundsViewController.swift */,
				FB4B9D3E1AABF5C0003240A3 /* RecordedAudio.swift */,
				FB44D0E21ABB04A4009867D9 /* DisplayRecordingsTableViewController.swift */,
				FB4B9D1E1AAB3AEA003240A3 /* Main.storyboard */,
				FB4B9D211AAB3AEA003240A3 /* Images.xcassets */,
				FB4B9D231AAB3AEA003240A3 /* LaunchScreen.xib */,
				FB4B9D181AAB3AEA003240A3 /* Supporting Files */,
			);
			path = "Pitch Perfect";
			sourceTree = "<group>";
		};
		FB4B9D181AAB3AEA003240A3 /* Supporting Files */ = {
			isa = PBXGroup;
			children = (
				FB4B9D3C1AAB9427003240A3 /* movie_quote.mp3 */,
				FB4B9D191AAB3AEA003240A3 /* Info.plist */,
			);
			name = "Supporting Files";
			sourceTree = "<group>";
		};
		FB4B9D2D1AAB3AEA003240A3 /* Pitch PerfectTests */ = {
			isa = PBXGroup;
			children = (
				FB4B9D301AAB3AEA003240A3 /* Pitch_PerfectTests.swift */,
				FB4B9D2E1AAB3AEA003240A3 /* Supporting Files */,
			);
			path = "Pitch PerfectTests";
			sourceTree = "<group>";
		};
		FB4B9D2E1AAB3AEA003240A3 /* Supporting Files */ = {
			isa = PBXGroup;
			children = (
				FB4B9D2F1AAB3AEA003240A3 /* Info.plist */,
			);
			name = "Supporting Files";
			sourceTree = "<group>";
		};
/* End PBXGroup section */

/* Begin PBXNativeTarget section */
		FB4B9D141AAB3AEA003240A3 /* Pitch Perfect */ = {
			isa = PBXNativeTarget;
			buildConfigurationList = FB4B9D341AAB3AEA003240A3 /* Build configuration list for PBXNativeTarget "Pitch Perfect" */;
			buildPhases = (
				FB4B9D111AAB3AEA003240A3 /* Sources */,
				FB4B9D121AAB3AEA003240A3 /* Frameworks */,
				FB4B9D131AAB3AEA003240A3 /* Resources */,
			);
			buildRules = (
			);
			dependencies = (
			);
			name = "Pitch Perfect";
			productName = "Pitch Perfect";
			productReference = FB4B9D151AAB3AEA003240A3 /* Pitch Perfect.app */;
			productType = "com.apple.product-type.application";
		};
		FB4B9D291AAB3AEA003240A3 /* Pitch PerfectTests */ = {
			isa = PBXNativeTarget;
			buildConfigurationList = FB4B9D371AAB3AEA003240A3 /* Build configuration list for PBXNativeTarget "Pitch PerfectTests" */;
			buildPhases = (
				FB4B9D261AAB3AEA003240A3 /* Sources */,
				FB4B9D271AAB3AEA003240A3 /* Frameworks */,
				FB4B9D281AAB3AEA003240A3 /* Resources */,
			);
			buildRules = (
			);
			dependencies = (
				FB4B9D2C1AAB3AEA003240A3 /* PBXTargetDependency */,
			);
			name = "Pitch PerfectTests";
			productName = "Pitch PerfectTests";
			productReference = FB4B9D2A1AAB3AEA003240A3 /* Pitch PerfectTests.xctest */;
			productType = "com.apple.product-type.bundle.unit-test";
		};
/* End PBXNativeTarget section */

/* Begin PBXProject section */
		FB4B9D0D1AAB3AEA003240A3 /* Project object */ = {
			isa = PBXProject;
			attributes = {
				LastUpgradeCheck = 0610;
				ORGANIZATIONNAME = "James Gilchrist";
				TargetAttributes = {
					FB4B9D141AAB3AEA003240A3 = {
						CreatedOnToolsVersion = 6.1.1;
						DevelopmentTeam = 47P655WDE9;
					};
					FB4B9D291AAB3AEA003240A3 = {
						CreatedOnToolsVersion = 6.1.1;
						TestTargetID = FB4B9D141AAB3AEA003240A3;
					};
				};
			};
			buildConfigurationList = FB4B9D101AAB3AEA003240A3 /* Build configuration list for PBXProject "Pitch Perfect" */;
			compatibilityVersion = "Xcode 3.2";
			developmentRegion = English;
			hasScannedForEncodings = 0;
			knownRegions = (
				en,
				Base,
			);
			mainGroup = FB4B9D0C1AAB3AEA003240A3;
			productRefGroup = FB4B9D161AAB3AEA003240A3 /* Products */;
			projectDirPath = "";
			projectRoot = "";
			targets = (
				FB4B9D141AAB3AEA003240A3 /* Pitch Perfect */,
				FB4B9D291AAB3AEA003240A3 /* Pitch PerfectTests */,
			);
		};
/* End PBXProject section */

/* Begin PBXResourcesBuildPhase section */
		FB4B9D131AAB3AEA003240A3 /* Resources */ = {
			isa = PBXResourcesBuildPhase;
			buildActionMask = 2147483647;
			files = (
				FB4B9D201AAB3AEA003240A3 /* Main.storyboard in Resources */,
				FB4B9D251AAB3AEA003240A3 /* LaunchScreen.xib in Resources */,
				FB4B9D3D1AAB9427003240A3 /* movie_quote.mp3 in Resources */,
				FB4B9D221AAB3AEA003240A3 /* Images.xcassets in Resources */,
			);
			runOnlyForDeploymentPostprocessing = 0;
		};
		FB4B9D281AAB3AEA003240A3 /* Resources */ = {
			isa = PBXResourcesBuildPhase;
			buildActionMask = 2147483647;
			files = (
			);
			runOnlyForDeploymentPostprocessing = 0;
		};
/* End PBXResourcesBuildPhase section */

/* Begin PBXSourcesBuildPhase section */
		FB4B9D111AAB3AEA003240A3 /* Sources */ = {
			isa = PBXSourcesBuildPhase;
			buildActionMask = 2147483647;
			files = (
				FB4B9D3F1AABF5C0003240A3 /* RecordedAudio.swift in Sources */,
				FB4B9D1D1AAB3AEA003240A3 /* RecordSoundsViewController.swift in Sources */,
				FB4B9D3B1AAB8F3B003240A3 /* PlaySoundsViewController.swift in Sources */,
				FB44D0E31ABB04A4009867D9 /* DisplayRecordingsTableViewController.swift in Sources */,
				FB4B9D1B1AAB3AEA003240A3 /* AppDelegate.swift in Sources */,
			);
			runOnlyForDeploymentPostprocessing = 0;
		};
		FB4B9D261AAB3AEA003240A3 /* Sources */ = {
			isa = PBXSourcesBuildPhase;
			buildActionMask = 2147483647;
			files = (
				FB4B9D311AAB3AEA003240A3 /* Pitch_PerfectTests.swift in Sources */,
			);
			runOnlyForDeploymentPostprocessing = 0;
		};
/* End PBXSourcesBuildPhase section */

/* Begin PBXTargetDependency section */
		FB4B9D2C1AAB3AEA003240A3 /* PBXTargetDependency */ = {
			isa = PBXTargetDependency;
			target = FB4B9D141AAB3AEA003240A3 /* Pitch Perfect */;
			targetProxy = FB4B9D2B1AAB3AEA003240A3 /* PBXContainerItemProxy */;
		};
/* End PBXTargetDependency section */

/* Begin PBXVariantGroup section */
		FB4B9D1E1AAB3AEA003240A3 /* Main.storyboard */ = {
			isa = PBXVariantGroup;
			children = (
				FB4B9D1F1AAB3AEA003240A3 /* Base */,
			);
			name = Main.storyboard;
			sourceTree = "<group>";
		};
		FB4B9D231AAB3AEA003240A3 /* LaunchScreen.xib */ = {
			isa = PBXVariantGroup;
			children = (
				FB4B9D241AAB3AEA003240A3 /* Base */,
			);
			name = LaunchScreen.xib;
			sourceTree = "<group>";
		};
/* End PBXVariantGroup section */

/* Begin XCBuildConfiguration section */
		FB4B9D321AAB3AEA003240A3 /* Debug */ = {
			isa = XCBuildConfiguration;
			buildSettings = {
				ALWAYS_SEARCH_USER_PATHS = NO;
				CLANG_CXX_LANGUAGE_STANDARD = "gnu++0x";
				CLANG_CXX_LIBRARY = "libc++";
				CLANG_ENABLE_MODULES = YES;
				CLANG_ENABLE_OBJC_ARC = YES;
				CLANG_WARN_BOOL_CONVERSION = YES;
				CLANG_WARN_CONSTANT_CONVERSION = YES;
				CLANG_WARN_DIRECT_OBJC_ISA_USAGE = YES_ERROR;
				CLANG_WARN_EMPTY_BODY = YES;
				CLANG_WARN_ENUM_CONVERSION = YES;
				CLANG_WARN_INT_CONVERSION = YES;
				CLANG_WARN_OBJC_ROOT_CLASS = YES_ERROR;
				CLANG_WARN_UNREACHABLE_CODE = YES;
				CLANG_WARN__DUPLICATE_METHOD_MATCH = YES;
				"CODE_SIGN_IDENTITY[sdk=iphoneos*]" = "iPhone Developer";
				COPY_PHASE_STRIP = NO;
				ENABLE_STRICT_OBJC_MSGSEND = YES;
				GCC_C_LANGUAGE_STANDARD = gnu99;
				GCC_DYNAMIC_NO_PIC = NO;
				GCC_OPTIMIZATION_LEVEL = 0;
				GCC_PREPROCESSOR_DEFINITIONS = (
					"DEBUG=1",
					"$(inherited)",
				);
				GCC_SYMBOLS_PRIVATE_EXTERN = NO;
				GCC_WARN_64_TO_32_BIT_CONVERSION = YES;
				GCC_WARN_ABOUT_RETURN_TYPE = YES_ERROR;
				GCC_WARN_UNDECLARED_SELECTOR = YES;
				GCC_WARN_UNINITIALIZED_AUTOS = YES_AGGRESSIVE;
				GCC_WARN_UNUSED_FUNCTION = YES;
				GCC_WARN_UNUSED_VARIABLE = YES;
				IPHONEOS_DEPLOYMENT_TARGET = 8.1;
				MTL_ENABLE_DEBUG_INFO = YES;
				ONLY_ACTIVE_ARCH = YES;
				SDKROOT = iphoneos;
				SWIFT_OPTIMIZATION_LEVEL = "-Onone";
			};
			name = Debug;
		};
		FB4B9D331AAB3AEA003240A3 /* Release */ = {
			isa = XCBuildConfiguration;
			buildSettings = {
				ALWAYS_SEARCH_USER_PATHS = NO;
				CLANG_CXX_LANGUAGE_STANDARD = "gnu++0x";
				CLANG_CXX_LIBRARY = "libc++";
				CLANG_ENABLE_MODULES = YES;
				CLANG_ENABLE_OBJC_ARC = YES;
				CLANG_WARN_BOOL_CONVERSION = YES;
				CLANG_WARN_CONSTANT_CONVERSION = YES;
				CLANG_WARN_DIRECT_OBJC_ISA_USAGE = YES_ERROR;
				CLANG_WARN_EMPTY_BODY = YES;
				CLANG_WARN_ENUM_CONVERSION = YES;
				CLANG_WARN_INT_CONVERSION = YES;
				CLANG_WARN_OBJC_ROOT_CLASS = YES_ERROR;
				CLANG_WARN_UNREACHABLE_CODE = YES;
				CLANG_WARN__DUPLICATE_METHOD_MATCH = YES;
				"CODE_SIGN_IDENTITY[sdk=iphoneos*]" = "iPhone Developer";
				COPY_PHASE_STRIP = YES;
				ENABLE_NS_ASSERTIONS = NO;
				ENABLE_STRICT_OBJC_MSGSEND = YES;
				GCC_C_LANGUAGE_STANDARD = gnu99;
				GCC_WARN_64_TO_32_BIT_CONVERSION = YES;
				GCC_WARN_ABOUT_RETURN_TYPE = YES_ERROR;
				GCC_WARN_UNDECLARED_SELECTOR = YES;
				GCC_WARN_UNINITIALIZED_AUTOS = YES_AGGRESSIVE;
				GCC_WARN_UNUSED_FUNCTION = YES;
				GCC_WARN_UNUSED_VARIABLE = YES;
				IPHONEOS_DEPLOYMENT_TARGET = 8.1;
				MTL_ENABLE_DEBUG_INFO = NO;
				SDKROOT = iphoneos;
				VALIDATE_PRODUCT = YES;
			};
			name = Release;
		};
		FB4B9D351AAB3AEA003240A3 /* Debug */ = {
			isa = XCBuildConfiguration;
			buildSettings = {
				ASSETCATALOG_COMPILER_APPICON_NAME = AppIcon;
				CODE_SIGN_IDENTITY = "iPhone Developer";
				"CODE_SIGN_IDENTITY[sdk=iphoneos*]" = "iPhone Developer";
				INFOPLIST_FILE = "Pitch Perfect/Info.plist";
				LD_RUNPATH_SEARCH_PATHS = "$(inherited) @executable_path/Frameworks";
				PRODUCT_NAME = "$(TARGET_NAME)";
				PROVISIONING_PROFILE = "";
			};
			name = Debug;
		};
		FB4B9D361AAB3AEA003240A3 /* Release */ = {
			isa = XCBuildConfiguration;
			buildSettings = {
				ASSETCATALOG_COMPILER_APPICON_NAME = AppIcon;
				CODE_SIGN_IDENTITY = "iPhone Developer";
				"CODE_SIGN_IDENTITY[sdk=iphoneos*]" = "iPhone Developer";
				INFOPLIST_FILE = "Pitch Perfect/Info.plist";
				LD_RUNPATH_SEARCH_PATHS = "$(inherited) @executable_path/Frameworks";
				PRODUCT_NAME = "$(TARGET_NAME)";
				PROVISIONING_PROFILE = "";
			};
			name = Release;
		};
		FB4B9D381AAB3AEA003240A3 /* Debug */ = {
			isa = XCBuildConfiguration;
			buildSettings = {
				BUNDLE_LOADER = "$(TEST_HOST)";
				FRAMEWORK_SEARCH_PATHS = (
					"$(SDKROOT)/Developer/Library/Frameworks",
					"$(inherited)",
				);
				GCC_PREPROCESSOR_DEFINITIONS = (
					"DEBUG=1",
					"$(inherited)",
				);
				INFOPLIST_FILE = "Pitch PerfectTests/Info.plist";
				LD_RUNPATH_SEARCH_PATHS = "$(inherited) @executable_path/Frameworks @loader_path/Frameworks";
				PRODUCT_NAME = "$(TARGET_NAME)";
				TEST_HOST = "$(BUILT_PRODUCTS_DIR)/Pitch Perfect.app/Pitch Perfect";
			};
			name = Debug;
		};
		FB4B9D391AAB3AEA003240A3 /* Release */ = {
			isa = XCBuildConfiguration;
			buildSettings = {
				BUNDLE_LOADER = "$(TEST_HOST)";
				FRAMEWORK_SEARCH_PATHS = (
					"$(SDKROOT)/Developer/Library/Frameworks",
					"$(inherited)",
				);
				INFOPLIST_FILE = "Pitch PerfectTests/Info.plist";
				LD_RUNPATH_SEARCH_PATHS = "$(inherited) @executable_path/Frameworks @loader_path/Frameworks";
				PRODUCT_NAME = "$(TARGET_NAME)";
				TEST_HOST = "$(BUILT_PRODUCTS_DIR)/Pitch Perfect.app/Pitch Perfect";
			};
			name = Release;
		};
/* End XCBuildConfiguration section */

/* Begin XCConfigurationList section */
		FB4B9D101AAB3AEA003240A3 /* Build configuration list for PBXProject "Pitch Perfect" */ = {
			isa = XCConfigurationList;
			buildConfigurations = (
				FB4B9D321AAB3AEA003240A3 /* Debug */,
				FB4B9D331AAB3AEA003240A3 /* Release */,
			);
			defaultConfigurationIsVisible = 0;
			defaultConfigurationName = Release;
		};
		FB4B9D341AAB3AEA003240A3 /* Build configuration list for PBXNativeTarget "Pitch Perfect" */ = {
			isa = XCConfigurationList;
			buildConfigurations = (
				FB4B9D351AAB3AEA003240A3 /* Debug */,
				FB4B9D361AAB3AEA003240A3 /* Release */,
			);
			defaultConfigurationIsVisible = 0;
			defaultConfigurationName = Release;
		};
		FB4B9D371AAB3AEA003240A3 /* Build configuration list for PBXNativeTarget "Pitch PerfectTests" */ = {
			isa = XCConfigurationList;
			buildConfigurations = (
				FB4B9D381AAB3AEA003240A3 /* Debug */,
				FB4B9D391AAB3AEA003240A3 /* Release */,
			);
			defaultConfigurationIsVisible = 0;
			defaultConfigurationName = Release;
		};
/* End XCConfigurationList section */
	};
	rootObject = FB4B9D0D1AAB3AEA003240A3 /* Project object */;
}
